// !$*UTF8*$!
{
	archiveVersion = 1;
	classes = {
	};
	objectVersion = 48;
	objects = {

/* Begin PBXBuildFile section */
		253D3DD4730755453772277E /* Pods_QFind.framework in Frameworks */ = {isa = PBXBuildFile; fileRef = 95DEF7B06F24A040E13F4D59 /* Pods_QFind.framework */; };
		B826DCA1203424C0005BAF76 /* CustomFooterView.swift in Sources */ = {isa = PBXBuildFile; fileRef = B826DC9F203424C0005BAF76 /* CustomFooterView.swift */; };
		B826DCA2203424C0005BAF76 /* CustomFooterView.xib in Resources */ = {isa = PBXBuildFile; fileRef = B826DCA0203424C0005BAF76 /* CustomFooterView.xib */; };
		B826DCAA20343C69005BAF76 /* WebViewController.swift in Sources */ = {isa = PBXBuildFile; fileRef = B826DCA920343C69005BAF76 /* WebViewController.swift */; };
		B826DCB020344C97005BAF76 /* GE_SS_Unique_Bold.otf in Resources */ = {isa = PBXBuildFile; fileRef = B826DCAF20344C97005BAF76 /* GE_SS_Unique_Bold.otf */; };
		B858B4AD2015EE1800C4812D /* LoadingView.swift in Sources */ = {isa = PBXBuildFile; fileRef = B858B4AC2015EE1800C4812D /* LoadingView.swift */; };
		B858B4AF2015EE2B00C4812D /* LoadingViewXib.xib in Resources */ = {isa = PBXBuildFile; fileRef = B858B4AE2015EE2B00C4812D /* LoadingViewXib.xib */; };
		B858B4B1201606A400C4812D /* SettingsViewController.swift in Sources */ = {isa = PBXBuildFile; fileRef = B858B4B0201606A400C4812D /* SettingsViewController.swift */; };
		B858B4BD20164E5A00C4812D /* LocalizationLanguage.swift in Sources */ = {isa = PBXBuildFile; fileRef = B858B4BC20164E5A00C4812D /* LocalizationLanguage.swift */; };
		B858B4BF20164EE600C4812D /* AppLocalizer.swift in Sources */ = {isa = PBXBuildFile; fileRef = B858B4BE20164EE600C4812D /* AppLocalizer.swift */; };
		B87BBFEE2011E17000A026FB /* PredicateCell.swift in Sources */ = {isa = PBXBuildFile; fileRef = B87BBFED2011E17000A026FB /* PredicateCell.swift */; };
		B87BBFF02011E31900A026FB /* GE_SS_Unique_Light.otf in Resources */ = {isa = PBXBuildFile; fileRef = B87BBFEF2011E31900A026FB /* GE_SS_Unique_Light.otf */; };
		B88A2D9B2008C3A000BF1B8A /* AppDelegate.swift in Sources */ = {isa = PBXBuildFile; fileRef = B88A2D9A2008C3A000BF1B8A /* AppDelegate.swift */; };
		B88A2DA02008C3A000BF1B8A /* Main.storyboard in Resources */ = {isa = PBXBuildFile; fileRef = B88A2D9E2008C3A000BF1B8A /* Main.storyboard */; };
		B88A2DA32008C3A000BF1B8A /* QFind.xcdatamodeld in Sources */ = {isa = PBXBuildFile; fileRef = B88A2DA12008C3A000BF1B8A /* QFind.xcdatamodeld */; };
		B88A2DA52008C3A000BF1B8A /* Assets.xcassets in Resources */ = {isa = PBXBuildFile; fileRef = B88A2DA42008C3A000BF1B8A /* Assets.xcassets */; };
		B88A2DA82008C3A000BF1B8A /* LaunchScreen.storyboard in Resources */ = {isa = PBXBuildFile; fileRef = B88A2DA62008C3A000BF1B8A /* LaunchScreen.storyboard */; };
		B88A2DB32008C3A000BF1B8A /* QFindTests.swift in Sources */ = {isa = PBXBuildFile; fileRef = B88A2DB22008C3A000BF1B8A /* QFindTests.swift */; };
		B88A2DBE2008C3A000BF1B8A /* QFindUITests.swift in Sources */ = {isa = PBXBuildFile; fileRef = B88A2DBD2008C3A000BF1B8A /* QFindUITests.swift */; };
		B88A2DCD2008D7D000BF1B8A /* HomeViewController.swift in Sources */ = {isa = PBXBuildFile; fileRef = B88A2DCC2008D7D000BF1B8A /* HomeViewController.swift */; };
		B88C1B542031533200BBD820 /* HistoryEntity.swift in Sources */ = {isa = PBXBuildFile; fileRef = B88C1B532031533200BBD820 /* HistoryEntity.swift */; };
		B89227F9200E2F3F00677F54 /* DetailViewController.swift in Sources */ = {isa = PBXBuildFile; fileRef = B89227F8200E2F3F00677F54 /* DetailViewController.swift */; };
		B89F67412017556C006D3EFA /* Localizable.strings in Resources */ = {isa = PBXBuildFile; fileRef = B89F67432017556C006D3EFA /* Localizable.strings */; };
		B8A3390B202828A1003BF43C /* SliderImagesModel.swift in Sources */ = {isa = PBXBuildFile; fileRef = B8A3390A202828A1003BF43C /* SliderImagesModel.swift */; };
		B8B00E67200F7384002B3E82 /* Lato-Italic.ttf in Resources */ = {isa = PBXBuildFile; fileRef = B8B00E66200F7383002B3E82 /* Lato-Italic.ttf */; };
		B8B7627F2021B447004F90F9 /* SidebarView.swift in Sources */ = {isa = PBXBuildFile; fileRef = B8B7627E2021B447004F90F9 /* SidebarView.swift */; };
		B8B762812021B46E004F90F9 /* RootViewController.swift in Sources */ = {isa = PBXBuildFile; fileRef = B8B762802021B46E004F90F9 /* RootViewController.swift */; };
		B8BA01CA202F493100C5B1FA /* ToastView.swift in Sources */ = {isa = PBXBuildFile; fileRef = B8BA01C9202F493100C5B1FA /* ToastView.swift */; };
		B8C4AC492019D4C9004DEFF6 /* DetailTableCell.xib in Resources */ = {isa = PBXBuildFile; fileRef = B8C4AC482019D4C9004DEFF6 /* DetailTableCell.xib */; };
		B8C4AC4B2019D509004DEFF6 /* DetailTableViewCell.swift in Sources */ = {isa = PBXBuildFile; fileRef = B8C4AC4A2019D509004DEFF6 /* DetailTableViewCell.swift */; };
		B8C4AC512019E79D004DEFF6 /* ModelClass.swift in Sources */ = {isa = PBXBuildFile; fileRef = B8C4AC502019E79D004DEFF6 /* ModelClass.swift */; };
		B8C4AC532019E7D5004DEFF6 /* QFindRouter.swift in Sources */ = {isa = PBXBuildFile; fileRef = B8C4AC522019E7D5004DEFF6 /* QFindRouter.swift */; };
		B8C4AC552019EA46004DEFF6 /* Config.swift in Sources */ = {isa = PBXBuildFile; fileRef = B8C4AC542019EA46004DEFF6 /* Config.swift */; };
		B8C4AC572019F343004DEFF6 /* QFindRequest.swift in Sources */ = {isa = PBXBuildFile; fileRef = B8C4AC562019F343004DEFF6 /* QFindRequest.swift */; };
		B8C4AC592019F9D8004DEFF6 /* APIClient.swift in Sources */ = {isa = PBXBuildFile; fileRef = B8C4AC582019F9D8004DEFF6 /* APIClient.swift */; };
		B8C4D7D1200C8DCC00E8D448 /* KASlideShow.m in Sources */ = {isa = PBXBuildFile; fileRef = B8C4D7D0200C8DCC00E8D448 /* KASlideShow.m */; };
		B8C4D7D5200CC07100E8D448 /* Lato-Light.ttf in Resources */ = {isa = PBXBuildFile; fileRef = B8C4D7D4200CC07100E8D448 /* Lato-Light.ttf */; };
		B8C4D7D7200CC09F00E8D448 /* CategoryViewController.swift in Sources */ = {isa = PBXBuildFile; fileRef = B8C4D7D6200CC09F00E8D448 /* CategoryViewController.swift */; };
		B8C4D7DA200CC3FF00E8D448 /* CategoryCell.xib in Resources */ = {isa = PBXBuildFile; fileRef = B8C4D7D9200CC3FF00E8D448 /* CategoryCell.xib */; };
		B8C4D7DE200CC6D600E8D448 /* CategoryCollectionViewCell.swift in Sources */ = {isa = PBXBuildFile; fileRef = B8C4D7DD200CC6D600E8D448 /* CategoryCollectionViewCell.swift */; };
		B8C4D7E1200CD42000E8D448 /* BottomBar.xib in Resources */ = {isa = PBXBuildFile; fileRef = B8C4D7E0200CD42000E8D448 /* BottomBar.xib */; };
		B8C4D7E3200CE6C400E8D448 /* BottomBarView.swift in Sources */ = {isa = PBXBuildFile; fileRef = B8C4D7E2200CE6C400E8D448 /* BottomBarView.swift */; };
		B8D20D4A20107A37008DDDE8 /* HistoryViewController.swift in Sources */ = {isa = PBXBuildFile; fileRef = B8D20D4920107A37008DDDE8 /* HistoryViewController.swift */; };
		B8D20D4E20107ACC008DDDE8 /* HistoryOrSearchCell.xib in Resources */ = {isa = PBXBuildFile; fileRef = B8D20D4D20107ACC008DDDE8 /* HistoryOrSearchCell.xib */; };
		B8D20D582010B0F3008DDDE8 /* HistoryCollectionViewCell.swift in Sources */ = {isa = PBXBuildFile; fileRef = B8D20D572010B0F3008DDDE8 /* HistoryCollectionViewCell.swift */; };
		B8D20D5A2010B372008DDDE8 /* SectionHeaderCollectionReusableView.swift in Sources */ = {isa = PBXBuildFile; fileRef = B8D20D592010B372008DDDE8 /* SectionHeaderCollectionReusableView.swift */; };
		B8D3B829200C686D0032C78B /* Lato-Bold.ttf in Resources */ = {isa = PBXBuildFile; fileRef = B8D3B827200C686C0032C78B /* Lato-Bold.ttf */; };
		B8D3B82A200C686D0032C78B /* Lato-Regular.ttf in Resources */ = {isa = PBXBuildFile; fileRef = B8D3B828200C686C0032C78B /* Lato-Regular.ttf */; };
		B8D5AC90200DBB48004F0BE1 /* SearchBarView.swift in Sources */ = {isa = PBXBuildFile; fileRef = B8D5AC8F200DBB48004F0BE1 /* SearchBarView.swift */; };
		B8D5AC92200DBB5F004F0BE1 /* SearchBar.xib in Resources */ = {isa = PBXBuildFile; fileRef = B8D5AC91200DBB5F004F0BE1 /* SearchBar.xib */; };
		B8E4D2932011C90F00074C37 /* PredicateSearchViewController.swift in Sources */ = {isa = PBXBuildFile; fileRef = B8E4D2922011C90F00074C37 /* PredicateSearchViewController.swift */; };
/* End PBXBuildFile section */

/* Begin PBXContainerItemProxy section */
		B88A2DAF2008C3A000BF1B8A /* PBXContainerItemProxy */ = {
			isa = PBXContainerItemProxy;
			containerPortal = B88A2D8F2008C3A000BF1B8A /* Project object */;
			proxyType = 1;
			remoteGlobalIDString = B88A2D962008C3A000BF1B8A;
			remoteInfo = QFind;
		};
		B88A2DBA2008C3A000BF1B8A /* PBXContainerItemProxy */ = {
			isa = PBXContainerItemProxy;
			containerPortal = B88A2D8F2008C3A000BF1B8A /* Project object */;
			proxyType = 1;
			remoteGlobalIDString = B88A2D962008C3A000BF1B8A;
			remoteInfo = QFind;
		};
/* End PBXContainerItemProxy section */

/* Begin PBXFileReference section */
		5E6C9D3A23B697489734286F /* Pods-QFind.debug.xcconfig */ = {isa = PBXFileReference; includeInIndex = 1; lastKnownFileType = text.xcconfig; name = "Pods-QFind.debug.xcconfig"; path = "Pods/Target Support Files/Pods-QFind/Pods-QFind.debug.xcconfig"; sourceTree = "<group>"; };
		95DEF7B06F24A040E13F4D59 /* Pods_QFind.framework */ = {isa = PBXFileReference; explicitFileType = wrapper.framework; includeInIndex = 0; path = Pods_QFind.framework; sourceTree = BUILT_PRODUCTS_DIR; };
		A94D60E9E3F99FD715BAD73B /* Pods-QFind.release.xcconfig */ = {isa = PBXFileReference; includeInIndex = 1; lastKnownFileType = text.xcconfig; name = "Pods-QFind.release.xcconfig"; path = "Pods/Target Support Files/Pods-QFind/Pods-QFind.release.xcconfig"; sourceTree = "<group>"; };
		B826DC9F203424C0005BAF76 /* CustomFooterView.swift */ = {isa = PBXFileReference; fileEncoding = 4; lastKnownFileType = sourcecode.swift; path = CustomFooterView.swift; sourceTree = "<group>"; };
		B826DCA0203424C0005BAF76 /* CustomFooterView.xib */ = {isa = PBXFileReference; fileEncoding = 4; lastKnownFileType = file.xib; path = CustomFooterView.xib; sourceTree = "<group>"; };
		B826DCA920343C69005BAF76 /* WebViewController.swift */ = {isa = PBXFileReference; lastKnownFileType = sourcecode.swift; path = WebViewController.swift; sourceTree = "<group>"; };
		B826DCAF20344C97005BAF76 /* GE_SS_Unique_Bold.otf */ = {isa = PBXFileReference; lastKnownFileType = file; path = GE_SS_Unique_Bold.otf; sourceTree = "<group>"; };
		B858B4AC2015EE1800C4812D /* LoadingView.swift */ = {isa = PBXFileReference; fileEncoding = 4; lastKnownFileType = sourcecode.swift; path = LoadingView.swift; sourceTree = "<group>"; };
		B858B4AE2015EE2B00C4812D /* LoadingViewXib.xib */ = {isa = PBXFileReference; fileEncoding = 4; lastKnownFileType = file.xib; path = LoadingViewXib.xib; sourceTree = "<group>"; };
		B858B4B0201606A400C4812D /* SettingsViewController.swift */ = {isa = PBXFileReference; lastKnownFileType = sourcecode.swift; path = SettingsViewController.swift; sourceTree = "<group>"; };
		B858B4BC20164E5A00C4812D /* LocalizationLanguage.swift */ = {isa = PBXFileReference; lastKnownFileType = sourcecode.swift; path = LocalizationLanguage.swift; sourceTree = "<group>"; };
		B858B4BE20164EE600C4812D /* AppLocalizer.swift */ = {isa = PBXFileReference; lastKnownFileType = sourcecode.swift; path = AppLocalizer.swift; sourceTree = "<group>"; };
		B858B4C12016518F00C4812D /* ar */ = {isa = PBXFileReference; lastKnownFileType = text.plist.strings; name = ar; path = ar.lproj/LaunchScreen.strings; sourceTree = "<group>"; };
		B87BBFED2011E17000A026FB /* PredicateCell.swift */ = {isa = PBXFileReference; fileEncoding = 4; lastKnownFileType = sourcecode.swift; path = PredicateCell.swift; sourceTree = "<group>"; };
		B87BBFEF2011E31900A026FB /* GE_SS_Unique_Light.otf */ = {isa = PBXFileReference; lastKnownFileType = file; path = GE_SS_Unique_Light.otf; sourceTree = "<group>"; };
		B88A2D972008C3A000BF1B8A /* QFind.app */ = {isa = PBXFileReference; explicitFileType = wrapper.application; includeInIndex = 0; path = QFind.app; sourceTree = BUILT_PRODUCTS_DIR; };
		B88A2D9A2008C3A000BF1B8A /* AppDelegate.swift */ = {isa = PBXFileReference; lastKnownFileType = sourcecode.swift; path = AppDelegate.swift; sourceTree = "<group>"; };
		B88A2D9F2008C3A000BF1B8A /* Base */ = {isa = PBXFileReference; lastKnownFileType = file.storyboard; name = Base; path = Base.lproj/Main.storyboard; sourceTree = "<group>"; };
		B88A2DA22008C3A000BF1B8A /* QFind.xcdatamodel */ = {isa = PBXFileReference; lastKnownFileType = wrapper.xcdatamodel; path = QFind.xcdatamodel; sourceTree = "<group>"; };
		B88A2DA42008C3A000BF1B8A /* Assets.xcassets */ = {isa = PBXFileReference; lastKnownFileType = folder.assetcatalog; path = Assets.xcassets; sourceTree = "<group>"; };
		B88A2DA72008C3A000BF1B8A /* Base */ = {isa = PBXFileReference; lastKnownFileType = file.storyboard; name = Base; path = Base.lproj/LaunchScreen.storyboard; sourceTree = "<group>"; };
		B88A2DA92008C3A000BF1B8A /* Info.plist */ = {isa = PBXFileReference; lastKnownFileType = text.plist.xml; path = Info.plist; sourceTree = "<group>"; };
		B88A2DAE2008C3A000BF1B8A /* QFindTests.xctest */ = {isa = PBXFileReference; explicitFileType = wrapper.cfbundle; includeInIndex = 0; path = QFindTests.xctest; sourceTree = BUILT_PRODUCTS_DIR; };
		B88A2DB22008C3A000BF1B8A /* QFindTests.swift */ = {isa = PBXFileReference; lastKnownFileType = sourcecode.swift; path = QFindTests.swift; sourceTree = "<group>"; };
		B88A2DB42008C3A000BF1B8A /* Info.plist */ = {isa = PBXFileReference; lastKnownFileType = text.plist.xml; path = Info.plist; sourceTree = "<group>"; };
		B88A2DB92008C3A000BF1B8A /* QFindUITests.xctest */ = {isa = PBXFileReference; explicitFileType = wrapper.cfbundle; includeInIndex = 0; path = QFindUITests.xctest; sourceTree = BUILT_PRODUCTS_DIR; };
		B88A2DBD2008C3A000BF1B8A /* QFindUITests.swift */ = {isa = PBXFileReference; lastKnownFileType = sourcecode.swift; path = QFindUITests.swift; sourceTree = "<group>"; };
		B88A2DBF2008C3A000BF1B8A /* Info.plist */ = {isa = PBXFileReference; lastKnownFileType = text.plist.xml; path = Info.plist; sourceTree = "<group>"; };
		B88A2DCC2008D7D000BF1B8A /* HomeViewController.swift */ = {isa = PBXFileReference; lastKnownFileType = sourcecode.swift; path = HomeViewController.swift; sourceTree = "<group>"; };
		B88C1B532031533200BBD820 /* HistoryEntity.swift */ = {isa = PBXFileReference; fileEncoding = 4; lastKnownFileType = sourcecode.swift; path = HistoryEntity.swift; sourceTree = "<group>"; };
		B89227F8200E2F3F00677F54 /* DetailViewController.swift */ = {isa = PBXFileReference; lastKnownFileType = sourcecode.swift; path = DetailViewController.swift; sourceTree = "<group>"; };
		B89F673920171535006D3EFA /* ar */ = {isa = PBXFileReference; lastKnownFileType = text.plist.strings; name = ar; path = ar.lproj/Main.strings; sourceTree = "<group>"; };
		B89F67422017556C006D3EFA /* ar */ = {isa = PBXFileReference; lastKnownFileType = text.plist.strings; name = ar; path = ar.lproj/Localizable.strings; sourceTree = "<group>"; };
		B89F67442017565A006D3EFA /* en */ = {isa = PBXFileReference; lastKnownFileType = text.plist.strings; name = en; path = en.lproj/Localizable.strings; sourceTree = "<group>"; };
		B8A3390A202828A1003BF43C /* SliderImagesModel.swift */ = {isa = PBXFileReference; lastKnownFileType = sourcecode.swift; path = SliderImagesModel.swift; sourceTree = "<group>"; };
		B8B00E66200F7383002B3E82 /* Lato-Italic.ttf */ = {isa = PBXFileReference; lastKnownFileType = file; path = "Lato-Italic.ttf"; sourceTree = "<group>"; };
		B8B7627E2021B447004F90F9 /* SidebarView.swift */ = {isa = PBXFileReference; fileEncoding = 4; lastKnownFileType = sourcecode.swift; path = SidebarView.swift; sourceTree = "<group>"; };
		B8B762802021B46E004F90F9 /* RootViewController.swift */ = {isa = PBXFileReference; fileEncoding = 4; lastKnownFileType = sourcecode.swift; path = RootViewController.swift; sourceTree = "<group>"; };
		B8BA01C9202F493100C5B1FA /* ToastView.swift */ = {isa = PBXFileReference; lastKnownFileType = sourcecode.swift; path = ToastView.swift; sourceTree = "<group>"; };
		B8C4AC482019D4C9004DEFF6 /* DetailTableCell.xib */ = {isa = PBXFileReference; lastKnownFileType = file.xib; path = DetailTableCell.xib; sourceTree = "<group>"; };
		B8C4AC4A2019D509004DEFF6 /* DetailTableViewCell.swift */ = {isa = PBXFileReference; fileEncoding = 4; lastKnownFileType = sourcecode.swift; path = DetailTableViewCell.swift; sourceTree = "<group>"; };
		B8C4AC502019E79D004DEFF6 /* ModelClass.swift */ = {isa = PBXFileReference; lastKnownFileType = sourcecode.swift; path = ModelClass.swift; sourceTree = "<group>"; };
		B8C4AC522019E7D5004DEFF6 /* QFindRouter.swift */ = {isa = PBXFileReference; lastKnownFileType = sourcecode.swift; path = QFindRouter.swift; sourceTree = "<group>"; };
		B8C4AC542019EA46004DEFF6 /* Config.swift */ = {isa = PBXFileReference; lastKnownFileType = sourcecode.swift; path = Config.swift; sourceTree = "<group>"; };
		B8C4AC562019F343004DEFF6 /* QFindRequest.swift */ = {isa = PBXFileReference; lastKnownFileType = sourcecode.swift; path = QFindRequest.swift; sourceTree = "<group>"; };
		B8C4AC582019F9D8004DEFF6 /* APIClient.swift */ = {isa = PBXFileReference; lastKnownFileType = sourcecode.swift; path = APIClient.swift; sourceTree = "<group>"; };
		B8C4D7CE200C8DCB00E8D448 /* QFind-Bridging-Header.h */ = {isa = PBXFileReference; lastKnownFileType = sourcecode.c.h; path = "QFind-Bridging-Header.h"; sourceTree = "<group>"; };
		B8C4D7CF200C8DCC00E8D448 /* KASlideShow.h */ = {isa = PBXFileReference; fileEncoding = 4; lastKnownFileType = sourcecode.c.h; path = KASlideShow.h; sourceTree = "<group>"; };
		B8C4D7D0200C8DCC00E8D448 /* KASlideShow.m */ = {isa = PBXFileReference; fileEncoding = 4; lastKnownFileType = sourcecode.c.objc; path = KASlideShow.m; sourceTree = "<group>"; };
		B8C4D7D4200CC07100E8D448 /* Lato-Light.ttf */ = {isa = PBXFileReference; lastKnownFileType = file; path = "Lato-Light.ttf"; sourceTree = "<group>"; };
		B8C4D7D6200CC09F00E8D448 /* CategoryViewController.swift */ = {isa = PBXFileReference; lastKnownFileType = sourcecode.swift; path = CategoryViewController.swift; sourceTree = "<group>"; };
		B8C4D7D9200CC3FF00E8D448 /* CategoryCell.xib */ = {isa = PBXFileReference; fileEncoding = 4; lastKnownFileType = file.xib; path = CategoryCell.xib; sourceTree = "<group>"; };
		B8C4D7DD200CC6D600E8D448 /* CategoryCollectionViewCell.swift */ = {isa = PBXFileReference; fileEncoding = 4; lastKnownFileType = sourcecode.swift; path = CategoryCollectionViewCell.swift; sourceTree = "<group>"; };
		B8C4D7E0200CD42000E8D448 /* BottomBar.xib */ = {isa = PBXFileReference; fileEncoding = 4; lastKnownFileType = file.xib; path = BottomBar.xib; sourceTree = "<group>"; };
		B8C4D7E2200CE6C400E8D448 /* BottomBarView.swift */ = {isa = PBXFileReference; fileEncoding = 4; lastKnownFileType = sourcecode.swift; path = BottomBarView.swift; sourceTree = "<group>"; };
		B8D20D4920107A37008DDDE8 /* HistoryViewController.swift */ = {isa = PBXFileReference; lastKnownFileType = sourcecode.swift; path = HistoryViewController.swift; sourceTree = "<group>"; };
		B8D20D4D20107ACC008DDDE8 /* HistoryOrSearchCell.xib */ = {isa = PBXFileReference; fileEncoding = 4; lastKnownFileType = file.xib; path = HistoryOrSearchCell.xib; sourceTree = "<group>"; };
		B8D20D572010B0F3008DDDE8 /* HistoryCollectionViewCell.swift */ = {isa = PBXFileReference; fileEncoding = 4; lastKnownFileType = sourcecode.swift; path = HistoryCollectionViewCell.swift; sourceTree = "<group>"; };
		B8D20D592010B372008DDDE8 /* SectionHeaderCollectionReusableView.swift */ = {isa = PBXFileReference; fileEncoding = 4; lastKnownFileType = sourcecode.swift; path = SectionHeaderCollectionReusableView.swift; sourceTree = "<group>"; };
		B8D3B827200C686C0032C78B /* Lato-Bold.ttf */ = {isa = PBXFileReference; lastKnownFileType = file; path = "Lato-Bold.ttf"; sourceTree = "<group>"; };
		B8D3B828200C686C0032C78B /* Lato-Regular.ttf */ = {isa = PBXFileReference; lastKnownFileType = file; path = "Lato-Regular.ttf"; sourceTree = "<group>"; };
		B8D5AC8F200DBB48004F0BE1 /* SearchBarView.swift */ = {isa = PBXFileReference; fileEncoding = 4; lastKnownFileType = sourcecode.swift; path = SearchBarView.swift; sourceTree = "<group>"; };
		B8D5AC91200DBB5F004F0BE1 /* SearchBar.xib */ = {isa = PBXFileReference; fileEncoding = 4; lastKnownFileType = file.xib; path = SearchBar.xib; sourceTree = "<group>"; };
		B8E4D2922011C90F00074C37 /* PredicateSearchViewController.swift */ = {isa = PBXFileReference; lastKnownFileType = sourcecode.swift; path = PredicateSearchViewController.swift; sourceTree = "<group>"; };
/* End PBXFileReference section */

/* Begin PBXFrameworksBuildPhase section */
		B88A2D942008C3A000BF1B8A /* Frameworks */ = {
			isa = PBXFrameworksBuildPhase;
			buildActionMask = 2147483647;
			files = (
				253D3DD4730755453772277E /* Pods_QFind.framework in Frameworks */,
			);
			runOnlyForDeploymentPostprocessing = 0;
		};
		B88A2DAB2008C3A000BF1B8A /* Frameworks */ = {
			isa = PBXFrameworksBuildPhase;
			buildActionMask = 2147483647;
			files = (
			);
			runOnlyForDeploymentPostprocessing = 0;
		};
		B88A2DB62008C3A000BF1B8A /* Frameworks */ = {
			isa = PBXFrameworksBuildPhase;
			buildActionMask = 2147483647;
			files = (
			);
			runOnlyForDeploymentPostprocessing = 0;
		};
/* End PBXFrameworksBuildPhase section */

/* Begin PBXGroup section */
		A977483B7BCAFED31BE46E01 /* Pods */ = {
			isa = PBXGroup;
			children = (
				5E6C9D3A23B697489734286F /* Pods-QFind.debug.xcconfig */,
				A94D60E9E3F99FD715BAD73B /* Pods-QFind.release.xcconfig */,
			);
			name = Pods;
			sourceTree = "<group>";
		};
		B826DC9E203424C0005BAF76 /* RefreshControl */ = {
			isa = PBXGroup;
			children = (
				B826DC9F203424C0005BAF76 /* CustomFooterView.swift */,
				B826DCA0203424C0005BAF76 /* CustomFooterView.xib */,
			);
			path = RefreshControl;
			sourceTree = "<group>";
		};
		B858B4A92015EC9B00C4812D /* LoaderView */ = {
			isa = PBXGroup;
			children = (
				B858B4AE2015EE2B00C4812D /* LoadingViewXib.xib */,
				B858B4AC2015EE1800C4812D /* LoadingView.swift */,
			);
			path = LoaderView;
			sourceTree = "<group>";
		};
		B88A2D8E2008C3A000BF1B8A = {
			isa = PBXGroup;
			children = (
				B88A2D992008C3A000BF1B8A /* QFind */,
				B88A2DB12008C3A000BF1B8A /* QFindTests */,
				B88A2DBC2008C3A000BF1B8A /* QFindUITests */,
				B88A2D982008C3A000BF1B8A /* Products */,
				A977483B7BCAFED31BE46E01 /* Pods */,
				C5A4DFF5872A6F6A12AC126F /* Frameworks */,
			);
			sourceTree = "<group>";
		};
		B88A2D982008C3A000BF1B8A /* Products */ = {
			isa = PBXGroup;
			children = (
				B88A2D972008C3A000BF1B8A /* QFind.app */,
				B88A2DAE2008C3A000BF1B8A /* QFindTests.xctest */,
				B88A2DB92008C3A000BF1B8A /* QFindUITests.xctest */,
			);
			name = Products;
			sourceTree = "<group>";
		};
		B88A2D992008C3A000BF1B8A /* QFind */ = {
			isa = PBXGroup;
			children = (
				B8B7627D2021B42B004F90F9 /* SideBar */,
				B8C4AC4F2019E780004DEFF6 /* Model */,
				B8C4AC4C2019E70C004DEFF6 /* WebService */,
				B8C4D7D8200CC3E100E8D448 /* ReusableComponents */,
				B8C4D7CD200C8DAB00E8D448 /* KASlideShow */,
				B8D3B826200C686C0032C78B /* Font */,
				B88A2DCB2008D7AD00BF1B8A /* ViewController */,
				B88A2D9A2008C3A000BF1B8A /* AppDelegate.swift */,
				B88A2D9E2008C3A000BF1B8A /* Main.storyboard */,
				B88A2DA42008C3A000BF1B8A /* Assets.xcassets */,
				B88A2DA62008C3A000BF1B8A /* LaunchScreen.storyboard */,
				B88A2DA92008C3A000BF1B8A /* Info.plist */,
				B88A2DA12008C3A000BF1B8A /* QFind.xcdatamodeld */,
				B89F67432017556C006D3EFA /* Localizable.strings */,
				B8C4AC542019EA46004DEFF6 /* Config.swift */,
			);
			path = QFind;
			sourceTree = "<group>";
		};
		B88A2DB12008C3A000BF1B8A /* QFindTests */ = {
			isa = PBXGroup;
			children = (
				B88A2DB22008C3A000BF1B8A /* QFindTests.swift */,
				B88A2DB42008C3A000BF1B8A /* Info.plist */,
			);
			path = QFindTests;
			sourceTree = "<group>";
		};
		B88A2DBC2008C3A000BF1B8A /* QFindUITests */ = {
			isa = PBXGroup;
			children = (
				B88A2DBD2008C3A000BF1B8A /* QFindUITests.swift */,
				B88A2DBF2008C3A000BF1B8A /* Info.plist */,
			);
			path = QFindUITests;
			sourceTree = "<group>";
		};
		B88A2DCB2008D7AD00BF1B8A /* ViewController */ = {
			isa = PBXGroup;
			children = (
				B8B762802021B46E004F90F9 /* RootViewController.swift */,
				B88A2DCC2008D7D000BF1B8A /* HomeViewController.swift */,
				B8C4D7D6200CC09F00E8D448 /* CategoryViewController.swift */,
				B89227F8200E2F3F00677F54 /* DetailViewController.swift */,
				B8D20D4920107A37008DDDE8 /* HistoryViewController.swift */,
				B858B4B0201606A400C4812D /* SettingsViewController.swift */,
				B8E4D2922011C90F00074C37 /* PredicateSearchViewController.swift */,
				B826DCA920343C69005BAF76 /* WebViewController.swift */,
			);
			path = ViewController;
			sourceTree = "<group>";
		};
		B8B7627D2021B42B004F90F9 /* SideBar */ = {
			isa = PBXGroup;
			children = (
				B8B7627E2021B447004F90F9 /* SidebarView.swift */,
			);
			path = SideBar;
			sourceTree = "<group>";
		};
		B8BA01C8202F491C00C5B1FA /* Toast */ = {
			isa = PBXGroup;
			children = (
				B8BA01C9202F493100C5B1FA /* ToastView.swift */,
			);
			path = Toast;
			sourceTree = "<group>";
		};
		B8C4AC442019D475004DEFF6 /* InformationTableCell */ = {
			isa = PBXGroup;
			children = (
				B8C4AC4A2019D509004DEFF6 /* DetailTableViewCell.swift */,
				B8C4AC482019D4C9004DEFF6 /* DetailTableCell.xib */,
			);
			path = InformationTableCell;
			sourceTree = "<group>";
		};
		B8C4AC4C2019E70C004DEFF6 /* WebService */ = {
			isa = PBXGroup;
			children = (
				B8C4AC522019E7D5004DEFF6 /* QFindRouter.swift */,
				B8C4AC562019F343004DEFF6 /* QFindRequest.swift */,
				B8C4AC582019F9D8004DEFF6 /* APIClient.swift */,
			);
			path = WebService;
			sourceTree = "<group>";
		};
		B8C4AC4F2019E780004DEFF6 /* Model */ = {
			isa = PBXGroup;
			children = (
				B88C1B532031533200BBD820 /* HistoryEntity.swift */,
				B8C4AC502019E79D004DEFF6 /* ModelClass.swift */,
				B8A3390A202828A1003BF43C /* SliderImagesModel.swift */,
			);
			path = Model;
			sourceTree = "<group>";
		};
		B8C4D7CD200C8DAB00E8D448 /* KASlideShow */ = {
			isa = PBXGroup;
			children = (
				B8C4D7CF200C8DCC00E8D448 /* KASlideShow.h */,
				B8C4D7D0200C8DCC00E8D448 /* KASlideShow.m */,
				B8C4D7CE200C8DCB00E8D448 /* QFind-Bridging-Header.h */,
			);
			path = KASlideShow;
			sourceTree = "<group>";
		};
		B8C4D7D8200CC3E100E8D448 /* ReusableComponents */ = {
			isa = PBXGroup;
			children = (
				B826DC9E203424C0005BAF76 /* RefreshControl */,
				B8BA01C8202F491C00C5B1FA /* Toast */,
				B8C4AC442019D475004DEFF6 /* InformationTableCell */,
				B8C657A9201861EF000C23A9 /* RTLSupportFiles */,
				B858B4A92015EC9B00C4812D /* LoaderView */,
				B8E4D28D2011B85000074C37 /* PredicateSearch */,
				B8D20D4C20107A92008DDDE8 /* HistoryOrSearchCell */,
				B8D20D4B20107A4F008DDDE8 /* CategoryCell */,
				B8D5AC8C200DBA84004F0BE1 /* SearchBar */,
				B8C4D7DF200CD41200E8D448 /* BottomBar */,
			);
			path = ReusableComponents;
			sourceTree = "<group>";
		};
		B8C4D7DF200CD41200E8D448 /* BottomBar */ = {
			isa = PBXGroup;
			children = (
				B8C4D7E0200CD42000E8D448 /* BottomBar.xib */,
				B8C4D7E2200CE6C400E8D448 /* BottomBarView.swift */,
			);
			path = BottomBar;
			sourceTree = "<group>";
		};
		B8C657A9201861EF000C23A9 /* RTLSupportFiles */ = {
			isa = PBXGroup;
			children = (
				B858B4BC20164E5A00C4812D /* LocalizationLanguage.swift */,
				B858B4BE20164EE600C4812D /* AppLocalizer.swift */,
			);
			path = RTLSupportFiles;
			sourceTree = "<group>";
		};
		B8D20D4B20107A4F008DDDE8 /* CategoryCell */ = {
			isa = PBXGroup;
			children = (
				B8C4D7D9200CC3FF00E8D448 /* CategoryCell.xib */,
				B8C4D7DD200CC6D600E8D448 /* CategoryCollectionViewCell.swift */,
			);
			path = CategoryCell;
			sourceTree = "<group>";
		};
		B8D20D4C20107A92008DDDE8 /* HistoryOrSearchCell */ = {
			isa = PBXGroup;
			children = (
				B8D20D4D20107ACC008DDDE8 /* HistoryOrSearchCell.xib */,
				B8D20D572010B0F3008DDDE8 /* HistoryCollectionViewCell.swift */,
				B8D20D592010B372008DDDE8 /* SectionHeaderCollectionReusableView.swift */,
			);
			path = HistoryOrSearchCell;
			sourceTree = "<group>";
		};
		B8D3B826200C686C0032C78B /* Font */ = {
			isa = PBXGroup;
			children = (
				B826DCAF20344C97005BAF76 /* GE_SS_Unique_Bold.otf */,
				B87BBFEF2011E31900A026FB /* GE_SS_Unique_Light.otf */,
				B8C4D7D4200CC07100E8D448 /* Lato-Light.ttf */,
				B8D3B827200C686C0032C78B /* Lato-Bold.ttf */,
				B8D3B828200C686C0032C78B /* Lato-Regular.ttf */,
				B8B00E66200F7383002B3E82 /* Lato-Italic.ttf */,
			);
			path = Font;
			sourceTree = "<group>";
		};
		B8D5AC8C200DBA84004F0BE1 /* SearchBar */ = {
			isa = PBXGroup;
			children = (
				B8D5AC8F200DBB48004F0BE1 /* SearchBarView.swift */,
				B8D5AC91200DBB5F004F0BE1 /* SearchBar.xib */,
			);
			path = SearchBar;
			sourceTree = "<group>";
		};
		B8E4D28D2011B85000074C37 /* PredicateSearch */ = {
			isa = PBXGroup;
			children = (
				B87BBFED2011E17000A026FB /* PredicateCell.swift */,
			);
			path = PredicateSearch;
			sourceTree = "<group>";
		};
		C5A4DFF5872A6F6A12AC126F /* Frameworks */ = {
			isa = PBXGroup;
			children = (
				95DEF7B06F24A040E13F4D59 /* Pods_QFind.framework */,
			);
			name = Frameworks;
			sourceTree = "<group>";
		};
/* End PBXGroup section */

/* Begin PBXNativeTarget section */
		B88A2D962008C3A000BF1B8A /* QFind */ = {
			isa = PBXNativeTarget;
			buildConfigurationList = B88A2DC22008C3A000BF1B8A /* Build configuration list for PBXNativeTarget "QFind" */;
			buildPhases = (
				262903B03656A75D2073CE76 /* [CP] Check Pods Manifest.lock */,
				B88A2D932008C3A000BF1B8A /* Sources */,
				B88A2D942008C3A000BF1B8A /* Frameworks */,
				B88A2D952008C3A000BF1B8A /* Resources */,
				58CC2367CCB43072315B6F13 /* [CP] Embed Pods Frameworks */,
				39CB11CE928C9F6F7023070B /* [CP] Copy Pods Resources */,
			);
			buildRules = (
			);
			dependencies = (
			);
			name = QFind;
			productName = QFind;
			productReference = B88A2D972008C3A000BF1B8A /* QFind.app */;
			productType = "com.apple.product-type.application";
		};
		B88A2DAD2008C3A000BF1B8A /* QFindTests */ = {
			isa = PBXNativeTarget;
			buildConfigurationList = B88A2DC52008C3A000BF1B8A /* Build configuration list for PBXNativeTarget "QFindTests" */;
			buildPhases = (
				B88A2DAA2008C3A000BF1B8A /* Sources */,
				B88A2DAB2008C3A000BF1B8A /* Frameworks */,
				B88A2DAC2008C3A000BF1B8A /* Resources */,
			);
			buildRules = (
			);
			dependencies = (
				B88A2DB02008C3A000BF1B8A /* PBXTargetDependency */,
			);
			name = QFindTests;
			productName = QFindTests;
			productReference = B88A2DAE2008C3A000BF1B8A /* QFindTests.xctest */;
			productType = "com.apple.product-type.bundle.unit-test";
		};
		B88A2DB82008C3A000BF1B8A /* QFindUITests */ = {
			isa = PBXNativeTarget;
			buildConfigurationList = B88A2DC82008C3A000BF1B8A /* Build configuration list for PBXNativeTarget "QFindUITests" */;
			buildPhases = (
				B88A2DB52008C3A000BF1B8A /* Sources */,
				B88A2DB62008C3A000BF1B8A /* Frameworks */,
				B88A2DB72008C3A000BF1B8A /* Resources */,
			);
			buildRules = (
			);
			dependencies = (
				B88A2DBB2008C3A000BF1B8A /* PBXTargetDependency */,
			);
			name = QFindUITests;
			productName = QFindUITests;
			productReference = B88A2DB92008C3A000BF1B8A /* QFindUITests.xctest */;
			productType = "com.apple.product-type.bundle.ui-testing";
		};
/* End PBXNativeTarget section */

/* Begin PBXProject section */
		B88A2D8F2008C3A000BF1B8A /* Project object */ = {
			isa = PBXProject;
			attributes = {
				LastSwiftUpdateCheck = 0920;
				LastUpgradeCheck = 0920;
				ORGANIZATIONNAME = QFind;
				TargetAttributes = {
					B88A2D962008C3A000BF1B8A = {
						CreatedOnToolsVersion = 9.2;
						LastSwiftMigration = 0920;
						ProvisioningStyle = Automatic;
					};
					B88A2DAD2008C3A000BF1B8A = {
						CreatedOnToolsVersion = 9.2;
						ProvisioningStyle = Automatic;
						TestTargetID = B88A2D962008C3A000BF1B8A;
					};
					B88A2DB82008C3A000BF1B8A = {
						CreatedOnToolsVersion = 9.2;
						ProvisioningStyle = Automatic;
						TestTargetID = B88A2D962008C3A000BF1B8A;
					};
				};
			};
			buildConfigurationList = B88A2D922008C3A000BF1B8A /* Build configuration list for PBXProject "QFind" */;
			compatibilityVersion = "Xcode 8.0";
			developmentRegion = en;
			hasScannedForEncodings = 0;
			knownRegions = (
				en,
				Base,
				ar,
			);
			mainGroup = B88A2D8E2008C3A000BF1B8A;
			productRefGroup = B88A2D982008C3A000BF1B8A /* Products */;
			projectDirPath = "";
			projectRoot = "";
			targets = (
				B88A2D962008C3A000BF1B8A /* QFind */,
				B88A2DAD2008C3A000BF1B8A /* QFindTests */,
				B88A2DB82008C3A000BF1B8A /* QFindUITests */,
			);
		};
/* End PBXProject section */

/* Begin PBXResourcesBuildPhase section */
		B88A2D952008C3A000BF1B8A /* Resources */ = {
			isa = PBXResourcesBuildPhase;
			buildActionMask = 2147483647;
			files = (
				B8B00E67200F7384002B3E82 /* Lato-Italic.ttf in Resources */,
				B88A2DA82008C3A000BF1B8A /* LaunchScreen.storyboard in Resources */,
				B826DCB020344C97005BAF76 /* GE_SS_Unique_Bold.otf in Resources */,
				B8C4D7DA200CC3FF00E8D448 /* CategoryCell.xib in Resources */,
				B89F67412017556C006D3EFA /* Localizable.strings in Resources */,
				B8D20D4E20107ACC008DDDE8 /* HistoryOrSearchCell.xib in Resources */,
				B8D5AC92200DBB5F004F0BE1 /* SearchBar.xib in Resources */,
				B88A2DA52008C3A000BF1B8A /* Assets.xcassets in Resources */,
				B8D3B82A200C686D0032C78B /* Lato-Regular.ttf in Resources */,
				B8C4D7E1200CD42000E8D448 /* BottomBar.xib in Resources */,
				B858B4AF2015EE2B00C4812D /* LoadingViewXib.xib in Resources */,
				B826DCA2203424C0005BAF76 /* CustomFooterView.xib in Resources */,
				B8C4D7D5200CC07100E8D448 /* Lato-Light.ttf in Resources */,
				B88A2DA02008C3A000BF1B8A /* Main.storyboard in Resources */,
				B87BBFF02011E31900A026FB /* GE_SS_Unique_Light.otf in Resources */,
				B8C4AC492019D4C9004DEFF6 /* DetailTableCell.xib in Resources */,
				B8D3B829200C686D0032C78B /* Lato-Bold.ttf in Resources */,
			);
			runOnlyForDeploymentPostprocessing = 0;
		};
		B88A2DAC2008C3A000BF1B8A /* Resources */ = {
			isa = PBXResourcesBuildPhase;
			buildActionMask = 2147483647;
			files = (
			);
			runOnlyForDeploymentPostprocessing = 0;
		};
		B88A2DB72008C3A000BF1B8A /* Resources */ = {
			isa = PBXResourcesBuildPhase;
			buildActionMask = 2147483647;
			files = (
			);
			runOnlyForDeploymentPostprocessing = 0;
		};
/* End PBXResourcesBuildPhase section */

/* Begin PBXShellScriptBuildPhase section */
		262903B03656A75D2073CE76 /* [CP] Check Pods Manifest.lock */ = {
			isa = PBXShellScriptBuildPhase;
			buildActionMask = 2147483647;
			files = (
			);
			inputPaths = (
				"${PODS_PODFILE_DIR_PATH}/Podfile.lock",
				"${PODS_ROOT}/Manifest.lock",
			);
			name = "[CP] Check Pods Manifest.lock";
			outputPaths = (
				"$(DERIVED_FILE_DIR)/Pods-QFind-checkManifestLockResult.txt",
			);
			runOnlyForDeploymentPostprocessing = 0;
			shellPath = /bin/sh;
			shellScript = "diff \"${PODS_PODFILE_DIR_PATH}/Podfile.lock\" \"${PODS_ROOT}/Manifest.lock\" > /dev/null\nif [ $? != 0 ] ; then\n    # print error to STDERR\n    echo \"error: The sandbox is not in sync with the Podfile.lock. Run 'pod install' or update your CocoaPods installation.\" >&2\n    exit 1\nfi\n# This output is used by Xcode 'outputs' to avoid re-running this script phase.\necho \"SUCCESS\" > \"${SCRIPT_OUTPUT_FILE_0}\"\n";
			showEnvVarsInLog = 0;
		};
		39CB11CE928C9F6F7023070B /* [CP] Copy Pods Resources */ = {
			isa = PBXShellScriptBuildPhase;
			buildActionMask = 2147483647;
			files = (
			);
			inputPaths = (
			);
			name = "[CP] Copy Pods Resources";
			outputPaths = (
			);
			runOnlyForDeploymentPostprocessing = 0;
			shellPath = /bin/sh;
			shellScript = "\"${SRCROOT}/Pods/Target Support Files/Pods-QFind/Pods-QFind-resources.sh\"\n";
			showEnvVarsInLog = 0;
		};
		58CC2367CCB43072315B6F13 /* [CP] Embed Pods Frameworks */ = {
			isa = PBXShellScriptBuildPhase;
			buildActionMask = 2147483647;
			files = (
			);
			inputPaths = (
				"${SRCROOT}/Pods/Target Support Files/Pods-QFind/Pods-QFind-frameworks.sh",
				"${BUILT_PRODUCTS_DIR}/Alamofire/Alamofire.framework",
				"${BUILT_PRODUCTS_DIR}/Kingfisher/Kingfisher.framework",
			);
			name = "[CP] Embed Pods Frameworks";
			outputPaths = (
				"${TARGET_BUILD_DIR}/${FRAMEWORKS_FOLDER_PATH}/Alamofire.framework",
				"${TARGET_BUILD_DIR}/${FRAMEWORKS_FOLDER_PATH}/Kingfisher.framework",
			);
			runOnlyForDeploymentPostprocessing = 0;
			shellPath = /bin/sh;
			shellScript = "\"${SRCROOT}/Pods/Target Support Files/Pods-QFind/Pods-QFind-frameworks.sh\"\n";
			showEnvVarsInLog = 0;
		};
/* End PBXShellScriptBuildPhase section */

/* Begin PBXSourcesBuildPhase section */
		B88A2D932008C3A000BF1B8A /* Sources */ = {
			isa = PBXSourcesBuildPhase;
			buildActionMask = 2147483647;
			files = (
				B8D20D5A2010B372008DDDE8 /* SectionHeaderCollectionReusableView.swift in Sources */,
				B87BBFEE2011E17000A026FB /* PredicateCell.swift in Sources */,
				B89227F9200E2F3F00677F54 /* DetailViewController.swift in Sources */,
				B88A2DA32008C3A000BF1B8A /* QFind.xcdatamodeld in Sources */,
				B858B4BD20164E5A00C4812D /* LocalizationLanguage.swift in Sources */,
				B8C4D7D7200CC09F00E8D448 /* CategoryViewController.swift in Sources */,
				B8E4D2932011C90F00074C37 /* PredicateSearchViewController.swift in Sources */,
				B8A3390B202828A1003BF43C /* SliderImagesModel.swift in Sources */,
				B8BA01CA202F493100C5B1FA /* ToastView.swift in Sources */,
				B8D20D582010B0F3008DDDE8 /* HistoryCollectionViewCell.swift in Sources */,
				B8C4AC572019F343004DEFF6 /* QFindRequest.swift in Sources */,
				B858B4B1201606A400C4812D /* SettingsViewController.swift in Sources */,
				B8D20D4A20107A37008DDDE8 /* HistoryViewController.swift in Sources */,
				B8B7627F2021B447004F90F9 /* SidebarView.swift in Sources */,
				B8C4AC592019F9D8004DEFF6 /* APIClient.swift in Sources */,
				B826DCAA20343C69005BAF76 /* WebViewController.swift in Sources */,
				B8C4AC532019E7D5004DEFF6 /* QFindRouter.swift in Sources */,
				B8C4AC512019E79D004DEFF6 /* ModelClass.swift in Sources */,
				B858B4AD2015EE1800C4812D /* LoadingView.swift in Sources */,
				B8C4D7E3200CE6C400E8D448 /* BottomBarView.swift in Sources */,
				B8C4D7DE200CC6D600E8D448 /* CategoryCollectionViewCell.swift in Sources */,
				B8C4AC552019EA46004DEFF6 /* Config.swift in Sources */,
				B8D5AC90200DBB48004F0BE1 /* SearchBarView.swift in Sources */,
				B8B762812021B46E004F90F9 /* RootViewController.swift in Sources */,
				B8C4D7D1200C8DCC00E8D448 /* KASlideShow.m in Sources */,
				B826DCA1203424C0005BAF76 /* CustomFooterView.swift in Sources */,
				B88C1B542031533200BBD820 /* HistoryEntity.swift in Sources */,
				B88A2D9B2008C3A000BF1B8A /* AppDelegate.swift in Sources */,
				B88A2DCD2008D7D000BF1B8A /* HomeViewController.swift in Sources */,
				B8C4AC4B2019D509004DEFF6 /* DetailTableViewCell.swift in Sources */,
				B858B4BF20164EE600C4812D /* AppLocalizer.swift in Sources */,
			);
			runOnlyForDeploymentPostprocessing = 0;
		};
		B88A2DAA2008C3A000BF1B8A /* Sources */ = {
			isa = PBXSourcesBuildPhase;
			buildActionMask = 2147483647;
			files = (
				B88A2DB32008C3A000BF1B8A /* QFindTests.swift in Sources */,
			);
			runOnlyForDeploymentPostprocessing = 0;
		};
		B88A2DB52008C3A000BF1B8A /* Sources */ = {
			isa = PBXSourcesBuildPhase;
			buildActionMask = 2147483647;
			files = (
				B88A2DBE2008C3A000BF1B8A /* QFindUITests.swift in Sources */,
			);
			runOnlyForDeploymentPostprocessing = 0;
		};
/* End PBXSourcesBuildPhase section */

/* Begin PBXTargetDependency section */
		B88A2DB02008C3A000BF1B8A /* PBXTargetDependency */ = {
			isa = PBXTargetDependency;
			target = B88A2D962008C3A000BF1B8A /* QFind */;
			targetProxy = B88A2DAF2008C3A000BF1B8A /* PBXContainerItemProxy */;
		};
		B88A2DBB2008C3A000BF1B8A /* PBXTargetDependency */ = {
			isa = PBXTargetDependency;
			target = B88A2D962008C3A000BF1B8A /* QFind */;
			targetProxy = B88A2DBA2008C3A000BF1B8A /* PBXContainerItemProxy */;
		};
/* End PBXTargetDependency section */

/* Begin PBXVariantGroup section */
		B88A2D9E2008C3A000BF1B8A /* Main.storyboard */ = {
			isa = PBXVariantGroup;
			children = (
				B88A2D9F2008C3A000BF1B8A /* Base */,
				B89F673920171535006D3EFA /* ar */,
			);
			name = Main.storyboard;
			sourceTree = "<group>";
		};
		B88A2DA62008C3A000BF1B8A /* LaunchScreen.storyboard */ = {
			isa = PBXVariantGroup;
			children = (
				B88A2DA72008C3A000BF1B8A /* Base */,
				B858B4C12016518F00C4812D /* ar */,
			);
			name = LaunchScreen.storyboard;
			sourceTree = "<group>";
		};
		B89F67432017556C006D3EFA /* Localizable.strings */ = {
			isa = PBXVariantGroup;
			children = (
				B89F67422017556C006D3EFA /* ar */,
				B89F67442017565A006D3EFA /* en */,
			);
			name = Localizable.strings;
			sourceTree = "<group>";
		};
/* End PBXVariantGroup section */

/* Begin XCBuildConfiguration section */
		B88A2DC02008C3A000BF1B8A /* Debug */ = {
			isa = XCBuildConfiguration;
			buildSettings = {
				ALWAYS_SEARCH_USER_PATHS = NO;
				CLANG_ANALYZER_LOCALIZABILITY_NONLOCALIZED = YES;
				CLANG_ANALYZER_NONNULL = YES;
				CLANG_ANALYZER_NUMBER_OBJECT_CONVERSION = YES_AGGRESSIVE;
				CLANG_CXX_LANGUAGE_STANDARD = "gnu++14";
				CLANG_CXX_LIBRARY = "libc++";
				CLANG_ENABLE_MODULES = YES;
				CLANG_ENABLE_OBJC_ARC = YES;
				CLANG_WARN_BLOCK_CAPTURE_AUTORELEASING = YES;
				CLANG_WARN_BOOL_CONVERSION = YES;
				CLANG_WARN_COMMA = YES;
				CLANG_WARN_CONSTANT_CONVERSION = YES;
				CLANG_WARN_DIRECT_OBJC_ISA_USAGE = YES_ERROR;
				CLANG_WARN_DOCUMENTATION_COMMENTS = YES;
				CLANG_WARN_EMPTY_BODY = YES;
				CLANG_WARN_ENUM_CONVERSION = YES;
				CLANG_WARN_INFINITE_RECURSION = YES;
				CLANG_WARN_INT_CONVERSION = YES;
				CLANG_WARN_NON_LITERAL_NULL_CONVERSION = YES;
				CLANG_WARN_OBJC_LITERAL_CONVERSION = YES;
				CLANG_WARN_OBJC_ROOT_CLASS = YES_ERROR;
				CLANG_WARN_RANGE_LOOP_ANALYSIS = YES;
				CLANG_WARN_STRICT_PROTOTYPES = YES;
				CLANG_WARN_SUSPICIOUS_MOVE = YES;
				CLANG_WARN_UNGUARDED_AVAILABILITY = YES_AGGRESSIVE;
				CLANG_WARN_UNREACHABLE_CODE = YES;
				CLANG_WARN__DUPLICATE_METHOD_MATCH = YES;
				CODE_SIGN_IDENTITY = "iPhone Developer";
				COPY_PHASE_STRIP = NO;
				DEBUG_INFORMATION_FORMAT = dwarf;
				ENABLE_STRICT_OBJC_MSGSEND = YES;
				ENABLE_TESTABILITY = YES;
				GCC_C_LANGUAGE_STANDARD = gnu11;
				GCC_DYNAMIC_NO_PIC = NO;
				GCC_NO_COMMON_BLOCKS = YES;
				GCC_OPTIMIZATION_LEVEL = 0;
				GCC_PREPROCESSOR_DEFINITIONS = (
					"DEBUG=1",
					"$(inherited)",
				);
				GCC_WARN_64_TO_32_BIT_CONVERSION = YES;
				GCC_WARN_ABOUT_RETURN_TYPE = YES_ERROR;
				GCC_WARN_UNDECLARED_SELECTOR = YES;
				GCC_WARN_UNINITIALIZED_AUTOS = YES_AGGRESSIVE;
				GCC_WARN_UNUSED_FUNCTION = YES;
				GCC_WARN_UNUSED_VARIABLE = YES;
				IPHONEOS_DEPLOYMENT_TARGET = 9.0;
				MTL_ENABLE_DEBUG_INFO = YES;
				ONLY_ACTIVE_ARCH = YES;
				SDKROOT = iphoneos;
				SWIFT_ACTIVE_COMPILATION_CONDITIONS = DEBUG;
				SWIFT_OPTIMIZATION_LEVEL = "-Onone";
			};
			name = Debug;
		};
		B88A2DC12008C3A000BF1B8A /* Release */ = {
			isa = XCBuildConfiguration;
			buildSettings = {
				ALWAYS_SEARCH_USER_PATHS = NO;
				CLANG_ANALYZER_LOCALIZABILITY_NONLOCALIZED = YES;
				CLANG_ANALYZER_NONNULL = YES;
				CLANG_ANALYZER_NUMBER_OBJECT_CONVERSION = YES_AGGRESSIVE;
				CLANG_CXX_LANGUAGE_STANDARD = "gnu++14";
				CLANG_CXX_LIBRARY = "libc++";
				CLANG_ENABLE_MODULES = YES;
				CLANG_ENABLE_OBJC_ARC = YES;
				CLANG_WARN_BLOCK_CAPTURE_AUTORELEASING = YES;
				CLANG_WARN_BOOL_CONVERSION = YES;
				CLANG_WARN_COMMA = YES;
				CLANG_WARN_CONSTANT_CONVERSION = YES;
				CLANG_WARN_DIRECT_OBJC_ISA_USAGE = YES_ERROR;
				CLANG_WARN_DOCUMENTATION_COMMENTS = YES;
				CLANG_WARN_EMPTY_BODY = YES;
				CLANG_WARN_ENUM_CONVERSION = YES;
				CLANG_WARN_INFINITE_RECURSION = YES;
				CLANG_WARN_INT_CONVERSION = YES;
				CLANG_WARN_NON_LITERAL_NULL_CONVERSION = YES;
				CLANG_WARN_OBJC_LITERAL_CONVERSION = YES;
				CLANG_WARN_OBJC_ROOT_CLASS = YES_ERROR;
				CLANG_WARN_RANGE_LOOP_ANALYSIS = YES;
				CLANG_WARN_STRICT_PROTOTYPES = YES;
				CLANG_WARN_SUSPICIOUS_MOVE = YES;
				CLANG_WARN_UNGUARDED_AVAILABILITY = YES_AGGRESSIVE;
				CLANG_WARN_UNREACHABLE_CODE = YES;
				CLANG_WARN__DUPLICATE_METHOD_MATCH = YES;
				CODE_SIGN_IDENTITY = "iPhone Developer";
				COPY_PHASE_STRIP = NO;
				DEBUG_INFORMATION_FORMAT = "dwarf-with-dsym";
				ENABLE_NS_ASSERTIONS = NO;
				ENABLE_STRICT_OBJC_MSGSEND = YES;
				GCC_C_LANGUAGE_STANDARD = gnu11;
				GCC_NO_COMMON_BLOCKS = YES;
				GCC_WARN_64_TO_32_BIT_CONVERSION = YES;
				GCC_WARN_ABOUT_RETURN_TYPE = YES_ERROR;
				GCC_WARN_UNDECLARED_SELECTOR = YES;
				GCC_WARN_UNINITIALIZED_AUTOS = YES_AGGRESSIVE;
				GCC_WARN_UNUSED_FUNCTION = YES;
				GCC_WARN_UNUSED_VARIABLE = YES;
				IPHONEOS_DEPLOYMENT_TARGET = 9.0;
				MTL_ENABLE_DEBUG_INFO = NO;
				SDKROOT = iphoneos;
				SWIFT_OPTIMIZATION_LEVEL = "-Owholemodule";
				VALIDATE_PRODUCT = YES;
			};
			name = Release;
		};
		B88A2DC32008C3A000BF1B8A /* Debug */ = {
			isa = XCBuildConfiguration;
			baseConfigurationReference = 5E6C9D3A23B697489734286F /* Pods-QFind.debug.xcconfig */;
			buildSettings = {
				ASSETCATALOG_COMPILER_APPICON_NAME = AppIcon;
				ASSETCATALOG_COMPILER_LAUNCHIMAGE_NAME = LaunchImage;
				CLANG_ENABLE_MODULES = YES;
				CODE_SIGN_STYLE = Automatic;
				DEVELOPMENT_TEAM = RS529R9N6Z;
				INFOPLIST_FILE = QFind/Info.plist;
				IPHONEOS_DEPLOYMENT_TARGET = 9.0;
				LD_RUNPATH_SEARCH_PATHS = "$(inherited) @executable_path/Frameworks";
				PRODUCT_BUNDLE_IDENTIFIER = com.exalture.App.QFind;
				PRODUCT_NAME = "$(TARGET_NAME)";
				SWIFT_OBJC_BRIDGING_HEADER = "QFind/KASlideShow/QFind-Bridging-Header.h";
				SWIFT_OPTIMIZATION_LEVEL = "-Onone";
				SWIFT_VERSION = 4.0;
				TARGETED_DEVICE_FAMILY = "1,2";
			};
			name = Debug;
		};
		B88A2DC42008C3A000BF1B8A /* Release */ = {
			isa = XCBuildConfiguration;
			baseConfigurationReference = A94D60E9E3F99FD715BAD73B /* Pods-QFind.release.xcconfig */;
			buildSettings = {
				ASSETCATALOG_COMPILER_APPICON_NAME = AppIcon;
				ASSETCATALOG_COMPILER_LAUNCHIMAGE_NAME = LaunchImage;
				CLANG_ENABLE_MODULES = YES;
				CODE_SIGN_STYLE = Automatic;
				DEVELOPMENT_TEAM = RS529R9N6Z;
				INFOPLIST_FILE = QFind/Info.plist;
				IPHONEOS_DEPLOYMENT_TARGET = 9.0;
				LD_RUNPATH_SEARCH_PATHS = "$(inherited) @executable_path/Frameworks";
				PRODUCT_BUNDLE_IDENTIFIER = com.exalture.App.QFind;
				PRODUCT_NAME = "$(TARGET_NAME)";
				SWIFT_OBJC_BRIDGING_HEADER = "QFind/KASlideShow/QFind-Bridging-Header.h";
				SWIFT_VERSION = 4.0;
				TARGETED_DEVICE_FAMILY = "1,2";
			};
			name = Release;
		};
		B88A2DC62008C3A000BF1B8A /* Debug */ = {
			isa = XCBuildConfiguration;
			buildSettings = {
				ALWAYS_EMBED_SWIFT_STANDARD_LIBRARIES = YES;
				BUNDLE_LOADER = "$(TEST_HOST)";
				CODE_SIGN_STYLE = Automatic;
				INFOPLIST_FILE = QFindTests/Info.plist;
				LD_RUNPATH_SEARCH_PATHS = "$(inherited) @executable_path/Frameworks @loader_path/Frameworks";
				PRODUCT_BUNDLE_IDENTIFIER = com.exalture.App.QFindTests;
				PRODUCT_NAME = "$(TARGET_NAME)";
				SWIFT_VERSION = 4.0;
				TARGETED_DEVICE_FAMILY = "1,2";
				TEST_HOST = "$(BUILT_PRODUCTS_DIR)/QFind.app/QFind";
			};
			name = Debug;
		};
		B88A2DC72008C3A000BF1B8A /* Release */ = {
			isa = XCBuildConfiguration;
			buildSettings = {
				ALWAYS_EMBED_SWIFT_STANDARD_LIBRARIES = YES;
				BUNDLE_LOADER = "$(TEST_HOST)";
				CODE_SIGN_STYLE = Automatic;
				INFOPLIST_FILE = QFindTests/Info.plist;
				LD_RUNPATH_SEARCH_PATHS = "$(inherited) @executable_path/Frameworks @loader_path/Frameworks";
				PRODUCT_BUNDLE_IDENTIFIER = com.exalture.App.QFindTests;
				PRODUCT_NAME = "$(TARGET_NAME)";
				SWIFT_VERSION = 4.0;
				TARGETED_DEVICE_FAMILY = "1,2";
				TEST_HOST = "$(BUILT_PRODUCTS_DIR)/QFind.app/QFind";
			};
			name = Release;
		};
		B88A2DC92008C3A000BF1B8A /* Debug */ = {
			isa = XCBuildConfiguration;
			buildSettings = {
				ALWAYS_EMBED_SWIFT_STANDARD_LIBRARIES = YES;
				CODE_SIGN_STYLE = Automatic;
				INFOPLIST_FILE = QFindUITests/Info.plist;
				LD_RUNPATH_SEARCH_PATHS = "$(inherited) @executable_path/Frameworks @loader_path/Frameworks";
				PRODUCT_BUNDLE_IDENTIFIER = com.exalture.App.QFindUITests;
				PRODUCT_NAME = "$(TARGET_NAME)";
				SWIFT_VERSION = 4.0;
				TARGETED_DEVICE_FAMILY = "1,2";
				TEST_TARGET_NAME = QFind;
			};
			name = Debug;
		};
		B88A2DCA2008C3A000BF1B8A /* Release */ = {
			isa = XCBuildConfiguration;
			buildSettings = {
				ALWAYS_EMBED_SWIFT_STANDARD_LIBRARIES = YES;
				CODE_SIGN_STYLE = Automatic;
				INFOPLIST_FILE = QFindUITests/Info.plist;
				LD_RUNPATH_SEARCH_PATHS = "$(inherited) @executable_path/Frameworks @loader_path/Frameworks";
				PRODUCT_BUNDLE_IDENTIFIER = com.exalture.App.QFindUITests;
				PRODUCT_NAME = "$(TARGET_NAME)";
				SWIFT_VERSION = 4.0;
				TARGETED_DEVICE_FAMILY = "1,2";
				TEST_TARGET_NAME = QFind;
			};
			name = Release;
		};
/* End XCBuildConfiguration section */

/* Begin XCConfigurationList section */
		B88A2D922008C3A000BF1B8A /* Build configuration list for PBXProject "QFind" */ = {
			isa = XCConfigurationList;
			buildConfigurations = (
				B88A2DC02008C3A000BF1B8A /* Debug */,
				B88A2DC12008C3A000BF1B8A /* Release */,
			);
			defaultConfigurationIsVisible = 0;
			defaultConfigurationName = Release;
		};
		B88A2DC22008C3A000BF1B8A /* Build configuration list for PBXNativeTarget "QFind" */ = {
			isa = XCConfigurationList;
			buildConfigurations = (
				B88A2DC32008C3A000BF1B8A /* Debug */,
				B88A2DC42008C3A000BF1B8A /* Release */,
			);
			defaultConfigurationIsVisible = 0;
			defaultConfigurationName = Release;
		};
		B88A2DC52008C3A000BF1B8A /* Build configuration list for PBXNativeTarget "QFindTests" */ = {
			isa = XCConfigurationList;
			buildConfigurations = (
				B88A2DC62008C3A000BF1B8A /* Debug */,
				B88A2DC72008C3A000BF1B8A /* Release */,
			);
			defaultConfigurationIsVisible = 0;
			defaultConfigurationName = Release;
		};
		B88A2DC82008C3A000BF1B8A /* Build configuration list for PBXNativeTarget "QFindUITests" */ = {
			isa = XCConfigurationList;
			buildConfigurations = (
				B88A2DC92008C3A000BF1B8A /* Debug */,
				B88A2DCA2008C3A000BF1B8A /* Release */,
			);
			defaultConfigurationIsVisible = 0;
			defaultConfigurationName = Release;
		};
/* End XCConfigurationList section */

/* Begin XCVersionGroup section */
		B88A2DA12008C3A000BF1B8A /* QFind.xcdatamodeld */ = {
			isa = XCVersionGroup;
			children = (
				B88A2DA22008C3A000BF1B8A /* QFind.xcdatamodel */,
			);
			currentVersion = B88A2DA22008C3A000BF1B8A /* QFind.xcdatamodel */;
			path = QFind.xcdatamodeld;
			sourceTree = "<group>";
			versionGroupType = wrapper.xcdatamodel;
		};
/* End XCVersionGroup section */
	};
	rootObject = B88A2D8F2008C3A000BF1B8A /* Project object */;
}
